
Microsoft Visual Studio Solution File, Format Version 12.00
# Visual Studio Version 17
VisualStudioVersion = 17.2.32526.322
MinimumVisualStudioVersion = 10.0.40219.1
Project("{FAE04EC0-301F-11D3-BF4B-00C04F79EFBC}") = "Producer", "Producer\Producer.csproj", "{0DE7816B-7FF4-44CA-AFE2-02E695E05B7F}"
EndProject
Project("{FAE04EC0-301F-11D3-BF4B-00C04F79EFBC}") = "Consumer", "Consumer\Consumer.csproj", "{008EB0C6-8B8C-4D63-8BF2-341769357A1A}"
EndProject
Project("{FAE04EC0-301F-11D3-BF4B-00C04F79EFBC}") = "Entity", "Entity\Entity.csproj", "{B6D0CE77-15E1-426B-B7A8-F7BBD0846798}"
EndProject
Global
	GlobalSection(SolutionConfigurationPlatforms) = preSolution
		Debug|Any CPU = Debug|Any CPU
		Release|Any CPU = Release|Any CPU
	EndGlobalSection
	GlobalSection(ProjectConfigurationPlatforms) = postSolution
		{0DE7816B-7FF4-44CA-AFE2-02E695E05B7F}.Debug|Any CPU.ActiveCfg = Debug|Any CPU
		{0DE7816B-7FF4-44CA-AFE2-02E695E05B7F}.Debug|Any CPU.Build.0 = Debug|Any CPU
		{0DE7816B-7FF4-44CA-AFE2-02E695E05B7F}.Release|Any CPU.ActiveCfg = Release|Any CPU
		{0DE7816B-7FF4-44CA-AFE2-02E695E05B7F}.Release|Any CPU.Build.0 = Release|Any CPU
		{008EB0C6-8B8C-4D63-8BF2-341769357A1A}.Debug|Any CPU.ActiveCfg = Debug|Any CPU
		{008EB0C6-8B8C-4D63-8BF2-341769357A1A}.Debug|Any CPU.Build.0 = Debug|Any CPU
		{008EB0C6-8B8C-4D63-8BF2-341769357A1A}.Release|Any CPU.ActiveCfg = Release|Any CPU
		{008EB0C6-8B8C-4D63-8BF2-341769357A1A}.Release|Any CPU.Build.0 = Release|Any CPU
		{B6D0CE77-15E1-426B-B7A8-F7BBD0846798}.Debug|Any CPU.ActiveCfg = Debug|Any CPU
		{B6D0CE77-15E1-426B-B7A8-F7BBD0846798}.Debug|Any CPU.Build.0 = Debug|Any CPU
		{B6D0CE77-15E1-426B-B7A8-F7BBD0846798}.Release|Any CPU.ActiveCfg = Release|Any CPU
		{B6D0CE77-15E1-426B-B7A8-F7BBD0846798}.Release|Any CPU.Build.0 = Release|Any CPU
	EndGlobalSection
	GlobalSection(SolutionProperties) = preSolution
		HideSolutionNode = FALSE
	EndGlobalSection
	GlobalSection(ExtensibilityGlobals) = postSolution
		SolutionGuid = {80A2BE0A-6928-4EEF-A8F6-E96B72AD72FE}
	EndGlobalSection
EndGlobal
